
Microsoft Visual Studio Solution File, Format Version 12.00
# Visual Studio Version 17
VisualStudioVersion = 17.7.34202.233
MinimumVisualStudioVersion = 10.0.40219.1
Project("{FAE04EC0-301F-11D3-BF4B-00C04F79EFBC}") = "MovieAPI", "MovieAPI\MovieAPI.csproj", "{22388136-449D-42BB-8FE7-7BB358EA1DA2}"
EndProject
Global
	GlobalSection(SolutionConfigurationPlatforms) = preSolution
		Debug|Any CPU = Debug|Any CPU
		Release|Any CPU = Release|Any CPU
	EndGlobalSection
	GlobalSection(ProjectConfigurationPlatforms) = postSolution
		{22388136-449D-42BB-8FE7-7BB358EA1DA2}.Debug|Any CPU.ActiveCfg = Debug|Any CPU
		{22388136-449D-42BB-8FE7-7BB358EA1DA2}.Debug|Any CPU.Build.0 = Debug|Any CPU
		{22388136-449D-42BB-8FE7-7BB358EA1DA2}.Release|Any CPU.ActiveCfg = Release|Any CPU
		{22388136-449D-42BB-8FE7-7BB358EA1DA2}.Release|Any CPU.Build.0 = Release|Any CPU
	EndGlobalSection
	GlobalSection(SolutionProperties) = preSolution
		HideSolutionNode = FALSE
	EndGlobalSection
	GlobalSection(ExtensibilityGlobals) = postSolution
		SolutionGuid = {7DE7E08A-B7F7-470A-A9DB-DF43C2E86317}
	EndGlobalSection
EndGlobal
